
Microsoft Visual Studio Solution File, Format Version 12.00
# Visual Studio 15
VisualStudioVersion = 15.0.28307.1300
MinimumVisualStudioVersion = 10.0.40219.1
Project("{FAE04EC0-301F-11D3-BF4B-00C04F79EFBC}") = "bouble_shot_con_sentinella", "bouble_shot_con_sentinella\bouble_shot_con_sentinella.csproj", "{7BB6118B-C403-4312-ADA3-E17F9DA1AEED}"
EndProject
Global
	GlobalSection(SolutionConfigurationPlatforms) = preSolution
		Debug|Any CPU = Debug|Any CPU
		Release|Any CPU = Release|Any CPU
	EndGlobalSection
	GlobalSection(ProjectConfigurationPlatforms) = postSolution
		{7BB6118B-C403-4312-ADA3-E17F9DA1AEED}.Debug|Any CPU.ActiveCfg = Debug|Any CPU
		{7BB6118B-C403-4312-ADA3-E17F9DA1AEED}.Debug|Any CPU.Build.0 = Debug|Any CPU
		{7BB6118B-C403-4312-ADA3-E17F9DA1AEED}.Release|Any CPU.ActiveCfg = Release|Any CPU
		{7BB6118B-C403-4312-ADA3-E17F9DA1AEED}.Release|Any CPU.Build.0 = Release|Any CPU
	EndGlobalSection
	GlobalSection(SolutionProperties) = preSolution
		HideSolutionNode = FALSE
	EndGlobalSection
	GlobalSection(ExtensibilityGlobals) = postSolution
		SolutionGuid = {50244EB2-4B7A-43E5-9BD8-8CA57AFCA2EE}
	EndGlobalSection
EndGlobal
